
Microsoft Visual Studio Solution File, Format Version 12.00
# Visual Studio 15
VisualStudioVersion = 15.0.27703.2035
MinimumVisualStudioVersion = 10.0.40219.1
Project("{FAE04EC0-301F-11D3-BF4B-00C04F79EFBC}") = "denemem", "denemem\denemem.csproj", "{CC966251-4B40-4E79-A867-322472803DC3}"
EndProject
Global
	GlobalSection(SolutionConfigurationPlatforms) = preSolution
		Debug|Any CPU = Debug|Any CPU
		Release|Any CPU = Release|Any CPU
	EndGlobalSection
	GlobalSection(ProjectConfigurationPlatforms) = postSolution
		{CC966251-4B40-4E79-A867-322472803DC3}.Debug|Any CPU.ActiveCfg = Debug|Any CPU
		{CC966251-4B40-4E79-A867-322472803DC3}.Debug|Any CPU.Build.0 = Debug|Any CPU
		{CC966251-4B40-4E79-A867-322472803DC3}.Release|Any CPU.ActiveCfg = Release|Any CPU
		{CC966251-4B40-4E79-A867-322472803DC3}.Release|Any CPU.Build.0 = Release|Any CPU
	EndGlobalSection
	GlobalSection(SolutionProperties) = preSolution
		HideSolutionNode = FALSE
	EndGlobalSection
	GlobalSection(ExtensibilityGlobals) = postSolution
		SolutionGuid = {6BB5DF80-BFCF-46D3-BE97-4A7815110B53}
	EndGlobalSection
EndGlobal
